
Microsoft Visual Studio Solution File, Format Version 12.00
# Visual Studio Version 17
VisualStudioVersion = 17.14.36408.4 d17.14
MinimumVisualStudioVersion = 10.0.40219.1
Project("{FAE04EC0-301F-11D3-BF4B-00C04F79EFBC}") = "GameProgramming_WhileLoops_LucasHardy", "GameProgramming_WhileLoops_LucasHardy\GameProgramming_WhileLoops_LucasHardy.csproj", "{13FB5D0D-584D-4FE6-9BF0-6E8A4FA6B3F3}"
EndProject
Global
	GlobalSection(SolutionConfigurationPlatforms) = preSolution
		Debug|Any CPU = Debug|Any CPU
		Release|Any CPU = Release|Any CPU
	EndGlobalSection
	GlobalSection(ProjectConfigurationPlatforms) = postSolution
		{13FB5D0D-584D-4FE6-9BF0-6E8A4FA6B3F3}.Debug|Any CPU.ActiveCfg = Debug|Any CPU
		{13FB5D0D-584D-4FE6-9BF0-6E8A4FA6B3F3}.Debug|Any CPU.Build.0 = Debug|Any CPU
		{13FB5D0D-584D-4FE6-9BF0-6E8A4FA6B3F3}.Release|Any CPU.ActiveCfg = Release|Any CPU
		{13FB5D0D-584D-4FE6-9BF0-6E8A4FA6B3F3}.Release|Any CPU.Build.0 = Release|Any CPU
	EndGlobalSection
	GlobalSection(SolutionProperties) = preSolution
		HideSolutionNode = FALSE
	EndGlobalSection
	GlobalSection(ExtensibilityGlobals) = postSolution
		SolutionGuid = {5A5ABFC1-3CCC-4330-85F2-02BF242AEA80}
	EndGlobalSection
EndGlobal
